
Microsoft Visual Studio Solution File, Format Version 12.00
# Visual Studio Version 17
VisualStudioVersion = 17.1.32421.90
MinimumVisualStudioVersion = 10.0.40219.1
Project("{FAE04EC0-301F-11D3-BF4B-00C04F79EFBC}") = "TournamentScheduler", "TournamentScheduler.csproj", "{4D8A2642-ED8E-4072-98E6-E71524839F96}"
EndProject
Project("{FAE04EC0-301F-11D3-BF4B-00C04F79EFBC}") = "TournamentSchedulerTests", "..\TournamentSchedulerTests\TournamentSchedulerTests.csproj", "{4EBD11DC-E064-4722-A2F5-C03734B7462E}"
EndProject
Project("{FAE04EC0-301F-11D3-BF4B-00C04F79EFBC}") = "TournamentSchedulerSamples", "..\TournamentSchedulerSamples\TournamentSchedulerSamples.csproj", "{E4DEAC50-AF21-4988-A934-35A0500559F0}"
EndProject
Global
	GlobalSection(SolutionConfigurationPlatforms) = preSolution
		Debug|Any CPU = Debug|Any CPU
		Release|Any CPU = Release|Any CPU
	EndGlobalSection
	GlobalSection(ProjectConfigurationPlatforms) = postSolution
		{4D8A2642-ED8E-4072-98E6-E71524839F96}.Debug|Any CPU.ActiveCfg = Debug|Any CPU
		{4D8A2642-ED8E-4072-98E6-E71524839F96}.Debug|Any CPU.Build.0 = Debug|Any CPU
		{4D8A2642-ED8E-4072-98E6-E71524839F96}.Release|Any CPU.ActiveCfg = Release|Any CPU
		{4D8A2642-ED8E-4072-98E6-E71524839F96}.Release|Any CPU.Build.0 = Release|Any CPU
		{4EBD11DC-E064-4722-A2F5-C03734B7462E}.Debug|Any CPU.ActiveCfg = Debug|Any CPU
		{4EBD11DC-E064-4722-A2F5-C03734B7462E}.Debug|Any CPU.Build.0 = Debug|Any CPU
		{4EBD11DC-E064-4722-A2F5-C03734B7462E}.Release|Any CPU.ActiveCfg = Release|Any CPU
		{4EBD11DC-E064-4722-A2F5-C03734B7462E}.Release|Any CPU.Build.0 = Release|Any CPU
		{E4DEAC50-AF21-4988-A934-35A0500559F0}.Debug|Any CPU.ActiveCfg = Debug|Any CPU
		{E4DEAC50-AF21-4988-A934-35A0500559F0}.Debug|Any CPU.Build.0 = Debug|Any CPU
		{E4DEAC50-AF21-4988-A934-35A0500559F0}.Release|Any CPU.ActiveCfg = Release|Any CPU
		{E4DEAC50-AF21-4988-A934-35A0500559F0}.Release|Any CPU.Build.0 = Release|Any CPU
	EndGlobalSection
	GlobalSection(SolutionProperties) = preSolution
		HideSolutionNode = FALSE
	EndGlobalSection
	GlobalSection(ExtensibilityGlobals) = postSolution
		SolutionGuid = {89B014D0-0F46-417E-86C0-E7F52FE47F1C}
	EndGlobalSection
EndGlobal
