
Microsoft Visual Studio Solution File, Format Version 12.00
# Visual Studio 14
VisualStudioVersion = 14.0.25123.0
MinimumVisualStudioVersion = 10.0.40219.1
Project("{FAE04EC0-301F-11D3-BF4B-00C04F79EFBC}") = "TournamentScheduler", "TournamentScheduler\TournamentScheduler.csproj", "{B837759D-8AD7-4D71-8ED2-6560CC58BE1B}"
EndProject
Project("{FAE04EC0-301F-11D3-BF4B-00C04F79EFBC}") = "TournamentSchedulerTests", "TournamentSchedulerTests\TournamentSchedulerTests.csproj", "{7CA4F8F7-2536-4884-9A6C-DF5EA615961D}"
EndProject
Project("{FAE04EC0-301F-11D3-BF4B-00C04F79EFBC}") = "TournamentSchedulerSamples", "TournamentSchedulerSamples\TournamentSchedulerSamples.csproj", "{5BA143AC-48A2-483C-80F3-5F374B0FB64F}"
EndProject
Global
	GlobalSection(SolutionConfigurationPlatforms) = preSolution
		Debug|Any CPU = Debug|Any CPU
		Release|Any CPU = Release|Any CPU
	EndGlobalSection
	GlobalSection(ProjectConfigurationPlatforms) = postSolution
		{B837759D-8AD7-4D71-8ED2-6560CC58BE1B}.Debug|Any CPU.ActiveCfg = Debug|Any CPU
		{B837759D-8AD7-4D71-8ED2-6560CC58BE1B}.Debug|Any CPU.Build.0 = Debug|Any CPU
		{B837759D-8AD7-4D71-8ED2-6560CC58BE1B}.Release|Any CPU.ActiveCfg = Release|Any CPU
		{B837759D-8AD7-4D71-8ED2-6560CC58BE1B}.Release|Any CPU.Build.0 = Release|Any CPU
		{7CA4F8F7-2536-4884-9A6C-DF5EA615961D}.Debug|Any CPU.ActiveCfg = Debug|Any CPU
		{7CA4F8F7-2536-4884-9A6C-DF5EA615961D}.Debug|Any CPU.Build.0 = Debug|Any CPU
		{7CA4F8F7-2536-4884-9A6C-DF5EA615961D}.Release|Any CPU.ActiveCfg = Release|Any CPU
		{7CA4F8F7-2536-4884-9A6C-DF5EA615961D}.Release|Any CPU.Build.0 = Release|Any CPU
		{5BA143AC-48A2-483C-80F3-5F374B0FB64F}.Debug|Any CPU.ActiveCfg = Debug|Any CPU
		{5BA143AC-48A2-483C-80F3-5F374B0FB64F}.Debug|Any CPU.Build.0 = Debug|Any CPU
		{5BA143AC-48A2-483C-80F3-5F374B0FB64F}.Release|Any CPU.ActiveCfg = Release|Any CPU
		{5BA143AC-48A2-483C-80F3-5F374B0FB64F}.Release|Any CPU.Build.0 = Release|Any CPU
	EndGlobalSection
	GlobalSection(SolutionProperties) = preSolution
		HideSolutionNode = FALSE
	EndGlobalSection
EndGlobal
